// !$*UTF8*$!
{
	archiveVersion = 1;
	classes = {
	};
	objectVersion = 50;
	objects = {

/* Begin PBXBuildFile section */
		58342A3C2111F46B00C4547D /* NetworkManager.swift in Sources */ = {isa = PBXBuildFile; fileRef = 58342A3B2111F46B00C4547D /* NetworkManager.swift */; };
		58342A3E2111F48500C4547D /* NetworkService.swift in Sources */ = {isa = PBXBuildFile; fileRef = 58342A3D2111F48500C4547D /* NetworkService.swift */; };
		583683EA2122CD4800202650 /* APODCollectionViewCell.swift in Sources */ = {isa = PBXBuildFile; fileRef = 583683E92122CD4800202650 /* APODCollectionViewCell.swift */; };
		58520FE62113579C0022B491 /* AstronomyPictureOfTheDay.swift in Sources */ = {isa = PBXBuildFile; fileRef = 58520FE52113579C0022B491 /* AstronomyPictureOfTheDay.swift */; };
		58B00B64212C5C9E00CD8880 /* Camera.swift in Sources */ = {isa = PBXBuildFile; fileRef = 58B00B63212C5C9E00CD8880 /* Camera.swift */; };
		58E643D12110922B00078EF3 /* AppDelegate.swift in Sources */ = {isa = PBXBuildFile; fileRef = 58E643D02110922B00078EF3 /* AppDelegate.swift */; };
		58E643D32110922B00078EF3 /* APODViewController.swift in Sources */ = {isa = PBXBuildFile; fileRef = 58E643D22110922B00078EF3 /* APODViewController.swift */; };
		58E643D62110922B00078EF3 /* Main.storyboard in Resources */ = {isa = PBXBuildFile; fileRef = 58E643D42110922B00078EF3 /* Main.storyboard */; };
		58E643D82110922E00078EF3 /* Assets.xcassets in Resources */ = {isa = PBXBuildFile; fileRef = 58E643D72110922E00078EF3 /* Assets.xcassets */; };
		58E643DB2110922E00078EF3 /* LaunchScreen.storyboard in Resources */ = {isa = PBXBuildFile; fileRef = 58E643D92110922E00078EF3 /* LaunchScreen.storyboard */; };
		58EEF4BC212B4C60002E285F /* MarsRoverPhoto.swift in Sources */ = {isa = PBXBuildFile; fileRef = 58EEF4BB212B4C60002E285F /* MarsRoverPhoto.swift */; };
		58EEF4BF212B4CE5002E285F /* MarsRover.swift in Sources */ = {isa = PBXBuildFile; fileRef = 58EEF4BE212B4CE5002E285F /* MarsRover.swift */; };
		FB8923D3073A34B7F3EC1192 /* Pods_ArcanaOfNASA.framework in Frameworks */ = {isa = PBXBuildFile; fileRef = 4001897F68378FDBD5FABF6D /* Pods_ArcanaOfNASA.framework */; };
/* End PBXBuildFile section */

/* Begin PBXFileReference section */
		4001897F68378FDBD5FABF6D /* Pods_ArcanaOfNASA.framework */ = {isa = PBXFileReference; explicitFileType = wrapper.framework; includeInIndex = 0; path = Pods_ArcanaOfNASA.framework; sourceTree = BUILT_PRODUCTS_DIR; };
		58342A3B2111F46B00C4547D /* NetworkManager.swift */ = {isa = PBXFileReference; lastKnownFileType = sourcecode.swift; path = NetworkManager.swift; sourceTree = "<group>"; };
		58342A3D2111F48500C4547D /* NetworkService.swift */ = {isa = PBXFileReference; lastKnownFileType = sourcecode.swift; path = NetworkService.swift; sourceTree = "<group>"; };
		583683E92122CD4800202650 /* APODCollectionViewCell.swift */ = {isa = PBXFileReference; lastKnownFileType = sourcecode.swift; path = APODCollectionViewCell.swift; sourceTree = "<group>"; };
		58520FE52113579C0022B491 /* AstronomyPictureOfTheDay.swift */ = {isa = PBXFileReference; lastKnownFileType = sourcecode.swift; path = AstronomyPictureOfTheDay.swift; sourceTree = "<group>"; };
		58B00B63212C5C9E00CD8880 /* Camera.swift */ = {isa = PBXFileReference; lastKnownFileType = sourcecode.swift; path = Camera.swift; sourceTree = "<group>"; };
		58E643CD2110922B00078EF3 /* ArcanaOfNASA.app */ = {isa = PBXFileReference; explicitFileType = wrapper.application; includeInIndex = 0; path = ArcanaOfNASA.app; sourceTree = BUILT_PRODUCTS_DIR; };
		58E643D02110922B00078EF3 /* AppDelegate.swift */ = {isa = PBXFileReference; lastKnownFileType = sourcecode.swift; path = AppDelegate.swift; sourceTree = "<group>"; };
		58E643D22110922B00078EF3 /* APODViewController.swift */ = {isa = PBXFileReference; lastKnownFileType = sourcecode.swift; path = APODViewController.swift; sourceTree = "<group>"; };
		58E643D52110922B00078EF3 /* Base */ = {isa = PBXFileReference; lastKnownFileType = file.storyboard; name = Base; path = Base.lproj/Main.storyboard; sourceTree = "<group>"; };
		58E643D72110922E00078EF3 /* Assets.xcassets */ = {isa = PBXFileReference; lastKnownFileType = folder.assetcatalog; path = Assets.xcassets; sourceTree = "<group>"; };
		58E643DA2110922E00078EF3 /* Base */ = {isa = PBXFileReference; lastKnownFileType = file.storyboard; name = Base; path = Base.lproj/LaunchScreen.storyboard; sourceTree = "<group>"; };
		58E643DC2110922E00078EF3 /* Info.plist */ = {isa = PBXFileReference; lastKnownFileType = text.plist.xml; path = Info.plist; sourceTree = "<group>"; };
		58EEF4BB212B4C60002E285F /* MarsRoverPhoto.swift */ = {isa = PBXFileReference; lastKnownFileType = sourcecode.swift; path = MarsRoverPhoto.swift; sourceTree = "<group>"; };
		58EEF4BE212B4CE5002E285F /* MarsRover.swift */ = {isa = PBXFileReference; lastKnownFileType = sourcecode.swift; path = MarsRover.swift; sourceTree = "<group>"; };
		B0089CB938415A3D1D92CD29 /* Pods-ArcanaOfNASA.debug.xcconfig */ = {isa = PBXFileReference; includeInIndex = 1; lastKnownFileType = text.xcconfig; name = "Pods-ArcanaOfNASA.debug.xcconfig"; path = "Pods/Target Support Files/Pods-ArcanaOfNASA/Pods-ArcanaOfNASA.debug.xcconfig"; sourceTree = "<group>"; };
		F456A383906C1F932A824039 /* Pods-ArcanaOfNASA.release.xcconfig */ = {isa = PBXFileReference; includeInIndex = 1; lastKnownFileType = text.xcconfig; name = "Pods-ArcanaOfNASA.release.xcconfig"; path = "Pods/Target Support Files/Pods-ArcanaOfNASA/Pods-ArcanaOfNASA.release.xcconfig"; sourceTree = "<group>"; };
/* End PBXFileReference section */

/* Begin PBXFrameworksBuildPhase section */
		58E643CA2110922B00078EF3 /* Frameworks */ = {
			isa = PBXFrameworksBuildPhase;
			buildActionMask = 2147483647;
			files = (
				FB8923D3073A34B7F3EC1192 /* Pods_ArcanaOfNASA.framework in Frameworks */,
			);
			runOnlyForDeploymentPostprocessing = 0;
		};
/* End PBXFrameworksBuildPhase section */

/* Begin PBXGroup section */
		04B2368AC3784F0C6BBA5ABB /* Pods */ = {
			isa = PBXGroup;
			children = (
				B0089CB938415A3D1D92CD29 /* Pods-ArcanaOfNASA.debug.xcconfig */,
				F456A383906C1F932A824039 /* Pods-ArcanaOfNASA.release.xcconfig */,
			);
			name = Pods;
			sourceTree = "<group>";
		};
		0B48D25761142AB285B5E08A /* Frameworks */ = {
			isa = PBXGroup;
			children = (
				4001897F68378FDBD5FABF6D /* Pods_ArcanaOfNASA.framework */,
			);
			name = Frameworks;
			sourceTree = "<group>";
		};
		58342A352111F35D00C4547D /* Classes */ = {
			isa = PBXGroup;
			children = (
				58342A382111F3C300C4547D /* NetworkLayer */,
				58342A372111F3B500C4547D /* Models */,
				583683E82122CD0700202650 /* Cells */,
				58342A362111F39A00C4547D /* ViewControllers */,
			);
			path = Classes;
			sourceTree = "<group>";
		};
		58342A362111F39A00C4547D /* ViewControllers */ = {
			isa = PBXGroup;
			children = (
				583683EC2122CD8600202650 /* APODViewController */,
			);
			path = ViewControllers;
			sourceTree = "<group>";
		};
		58342A372111F3B500C4547D /* Models */ = {
			isa = PBXGroup;
			children = (
				58B00B62212C5C7500CD8880 /* Camera */,
				58EEF4BD212B4CC4002E285F /* MarsRover */,
				58EEF4BA212B4C0F002E285F /* MarsRoverPhoto */,
				58520FE4211357180022B491 /* AstronomyPictureOfTheDay */,
			);
			path = Models;
			sourceTree = "<group>";
		};
		58342A382111F3C300C4547D /* NetworkLayer */ = {
			isa = PBXGroup;
			children = (
				58342A3A2111F43000C4547D /* NetworkManager */,
				58342A392111F41800C4547D /* NetworkService */,
			);
			path = NetworkLayer;
			sourceTree = "<group>";
		};
		58342A392111F41800C4547D /* NetworkService */ = {
			isa = PBXGroup;
			children = (
				58342A3D2111F48500C4547D /* NetworkService.swift */,
			);
			path = NetworkService;
			sourceTree = "<group>";
		};
		58342A3A2111F43000C4547D /* NetworkManager */ = {
			isa = PBXGroup;
			children = (
				58342A3B2111F46B00C4547D /* NetworkManager.swift */,
			);
			path = NetworkManager;
			sourceTree = "<group>";
		};
		583683E82122CD0700202650 /* Cells */ = {
			isa = PBXGroup;
			children = (
				583683EB2122CD7200202650 /* APODCollectionViewCell */,
			);
			path = Cells;
			sourceTree = "<group>";
		};
		583683EB2122CD7200202650 /* APODCollectionViewCell */ = {
			isa = PBXGroup;
			children = (
				583683E92122CD4800202650 /* APODCollectionViewCell.swift */,
			);
			path = APODCollectionViewCell;
			sourceTree = "<group>";
		};
		583683EC2122CD8600202650 /* APODViewController */ = {
			isa = PBXGroup;
			children = (
				58E643D22110922B00078EF3 /* APODViewController.swift */,
			);
			path = APODViewController;
			sourceTree = "<group>";
		};
		58520FE4211357180022B491 /* AstronomyPictureOfTheDay */ = {
			isa = PBXGroup;
			children = (
				58520FE52113579C0022B491 /* AstronomyPictureOfTheDay.swift */,
			);
			path = AstronomyPictureOfTheDay;
			sourceTree = "<group>";
		};
		58B00B62212C5C7500CD8880 /* Camera */ = {
			isa = PBXGroup;
			children = (
				58B00B63212C5C9E00CD8880 /* Camera.swift */,
			);
			path = Camera;
			sourceTree = "<group>";
		};
		58E643C42110922B00078EF3 = {
			isa = PBXGroup;
			children = (
				58E643CF2110922B00078EF3 /* ArcanaOfNASA */,
				58E643CE2110922B00078EF3 /* Products */,
				04B2368AC3784F0C6BBA5ABB /* Pods */,
				0B48D25761142AB285B5E08A /* Frameworks */,
			);
			sourceTree = "<group>";
		};
		58E643CE2110922B00078EF3 /* Products */ = {
			isa = PBXGroup;
			children = (
				58E643CD2110922B00078EF3 /* ArcanaOfNASA.app */,
			);
			name = Products;
			sourceTree = "<group>";
		};
		58E643CF2110922B00078EF3 /* ArcanaOfNASA */ = {
			isa = PBXGroup;
			children = (
				58342A352111F35D00C4547D /* Classes */,
				58E643D02110922B00078EF3 /* AppDelegate.swift */,
				58E643D42110922B00078EF3 /* Main.storyboard */,
				58E643D72110922E00078EF3 /* Assets.xcassets */,
				58E643D92110922E00078EF3 /* LaunchScreen.storyboard */,
				58E643DC2110922E00078EF3 /* Info.plist */,
			);
			path = ArcanaOfNASA;
			sourceTree = "<group>";
		};
		58EEF4BA212B4C0F002E285F /* MarsRoverPhoto */ = {
			isa = PBXGroup;
			children = (
				58EEF4BB212B4C60002E285F /* MarsRoverPhoto.swift */,
			);
			path = MarsRoverPhoto;
			sourceTree = "<group>";
		};
		58EEF4BD212B4CC4002E285F /* MarsRover */ = {
			isa = PBXGroup;
			children = (
				58EEF4BE212B4CE5002E285F /* MarsRover.swift */,
			);
			path = MarsRover;
			sourceTree = "<group>";
		};
/* End PBXGroup section */

/* Begin PBXNativeTarget section */
		58E643CC2110922B00078EF3 /* ArcanaOfNASA */ = {
			isa = PBXNativeTarget;
			buildConfigurationList = 58E643DF2110922E00078EF3 /* Build configuration list for PBXNativeTarget "ArcanaOfNASA" */;
			buildPhases = (
				61681C73C1AF585CAEDFA6F8 /* [CP] Check Pods Manifest.lock */,
				58E643C92110922B00078EF3 /* Sources */,
				58E643CA2110922B00078EF3 /* Frameworks */,
				58E643CB2110922B00078EF3 /* Resources */,
				B0F705F68D6B7AE8FCC2FB3F /* [CP] Embed Pods Frameworks */,
			);
			buildRules = (
			);
			dependencies = (
			);
			name = ArcanaOfNASA;
			productName = ArcanaOfNASA;
			productReference = 58E643CD2110922B00078EF3 /* ArcanaOfNASA.app */;
			productType = "com.apple.product-type.application";
		};
/* End PBXNativeTarget section */

/* Begin PBXProject section */
		58E643C52110922B00078EF3 /* Project object */ = {
			isa = PBXProject;
			attributes = {
				LastSwiftUpdateCheck = 0940;
				LastUpgradeCheck = 0940;
				ORGANIZATIONNAME = AnastasiaMark;
				TargetAttributes = {
					58E643CC2110922B00078EF3 = {
						CreatedOnToolsVersion = 9.4;
					};
				};
			};
			buildConfigurationList = 58E643C82110922B00078EF3 /* Build configuration list for PBXProject "ArcanaOfNASA" */;
			compatibilityVersion = "Xcode 9.3";
			developmentRegion = en;
			hasScannedForEncodings = 0;
			knownRegions = (
				en,
				Base,
			);
			mainGroup = 58E643C42110922B00078EF3;
			productRefGroup = 58E643CE2110922B00078EF3 /* Products */;
			projectDirPath = "";
			projectRoot = "";
			targets = (
				58E643CC2110922B00078EF3 /* ArcanaOfNASA */,
			);
		};
/* End PBXProject section */

/* Begin PBXResourcesBuildPhase section */
		58E643CB2110922B00078EF3 /* Resources */ = {
			isa = PBXResourcesBuildPhase;
			buildActionMask = 2147483647;
			files = (
				58E643DB2110922E00078EF3 /* LaunchScreen.storyboard in Resources */,
				58E643D82110922E00078EF3 /* Assets.xcassets in Resources */,
				58E643D62110922B00078EF3 /* Main.storyboard in Resources */,
			);
			runOnlyForDeploymentPostprocessing = 0;
		};
/* End PBXResourcesBuildPhase section */

/* Begin PBXShellScriptBuildPhase section */
		61681C73C1AF585CAEDFA6F8 /* [CP] Check Pods Manifest.lock */ = {
			isa = PBXShellScriptBuildPhase;
			buildActionMask = 2147483647;
			files = (
			);
			inputPaths = (
				"${PODS_PODFILE_DIR_PATH}/Podfile.lock",
				"${PODS_ROOT}/Manifest.lock",
			);
			name = "[CP] Check Pods Manifest.lock";
			outputPaths = (
				"$(DERIVED_FILE_DIR)/Pods-ArcanaOfNASA-checkManifestLockResult.txt",
			);
			runOnlyForDeploymentPostprocessing = 0;
			shellPath = /bin/sh;
			shellScript = "diff \"${PODS_PODFILE_DIR_PATH}/Podfile.lock\" \"${PODS_ROOT}/Manifest.lock\" > /dev/null\nif [ $? != 0 ] ; then\n    # print error to STDERR\n    echo \"error: The sandbox is not in sync with the Podfile.lock. Run 'pod install' or update your CocoaPods installation.\" >&2\n    exit 1\nfi\n# This output is used by Xcode 'outputs' to avoid re-running this script phase.\necho \"SUCCESS\" > \"${SCRIPT_OUTPUT_FILE_0}\"\n";
			showEnvVarsInLog = 0;
		};
		B0F705F68D6B7AE8FCC2FB3F /* [CP] Embed Pods Frameworks */ = {
			isa = PBXShellScriptBuildPhase;
			buildActionMask = 2147483647;
			files = (
			);
			inputPaths = (
				"${SRCROOT}/Pods/Target Support Files/Pods-ArcanaOfNASA/Pods-ArcanaOfNASA-frameworks.sh",
				"${BUILT_PRODUCTS_DIR}/Alamofire/Alamofire.framework",
				"${BUILT_PRODUCTS_DIR}/ModelMapper/Mapper.framework",
				"${BUILT_PRODUCTS_DIR}/Moya/Moya.framework",
				"${BUILT_PRODUCTS_DIR}/Moya-ModelMapper/Moya_ModelMapper.framework",
				"${BUILT_PRODUCTS_DIR}/Result/Result.framework",
				"${BUILT_PRODUCTS_DIR}/SDWebImage/SDWebImage.framework",
			);
			name = "[CP] Embed Pods Frameworks";
			outputPaths = (
				"${TARGET_BUILD_DIR}/${FRAMEWORKS_FOLDER_PATH}/Alamofire.framework",
				"${TARGET_BUILD_DIR}/${FRAMEWORKS_FOLDER_PATH}/Mapper.framework",
				"${TARGET_BUILD_DIR}/${FRAMEWORKS_FOLDER_PATH}/Moya.framework",
				"${TARGET_BUILD_DIR}/${FRAMEWORKS_FOLDER_PATH}/Moya_ModelMapper.framework",
				"${TARGET_BUILD_DIR}/${FRAMEWORKS_FOLDER_PATH}/Result.framework",
				"${TARGET_BUILD_DIR}/${FRAMEWORKS_FOLDER_PATH}/SDWebImage.framework",
			);
			runOnlyForDeploymentPostprocessing = 0;
			shellPath = /bin/sh;
			shellScript = "\"${SRCROOT}/Pods/Target Support Files/Pods-ArcanaOfNASA/Pods-ArcanaOfNASA-frameworks.sh\"\n";
			showEnvVarsInLog = 0;
		};
/* End PBXShellScriptBuildPhase section */

/* Begin PBXSourcesBuildPhase section */
		58E643C92110922B00078EF3 /* Sources */ = {
			isa = PBXSourcesBuildPhase;
			buildActionMask = 2147483647;
			files = (
				58342A3C2111F46B00C4547D /* NetworkManager.swift in Sources */,
				58E643D32110922B00078EF3 /* APODViewController.swift in Sources */,
				583683EA2122CD4800202650 /* APODCollectionViewCell.swift in Sources */,
				58EEF4BF212B4CE5002E285F /* MarsRover.swift in Sources */,
				58520FE62113579C0022B491 /* AstronomyPictureOfTheDay.swift in Sources */,
				58EEF4BC212B4C60002E285F /* MarsRoverPhoto.swift in Sources */,
				58342A3E2111F48500C4547D /* NetworkService.swift in Sources */,
				58E643D12110922B00078EF3 /* AppDelegate.swift in Sources */,
				58B00B64212C5C9E00CD8880 /* Camera.swift in Sources */,
			);
			runOnlyForDeploymentPostprocessing = 0;
		};
/* End PBXSourcesBuildPhase section */

/* Begin PBXVariantGroup section */
		58E643D42110922B00078EF3 /* Main.storyboard */ = {
			isa = PBXVariantGroup;
			children = (
				58E643D52110922B00078EF3 /* Base */,
			);
			name = Main.storyboard;
			sourceTree = "<group>";
		};
		58E643D92110922E00078EF3 /* LaunchScreen.storyboard */ = {
			isa = PBXVariantGroup;
			children = (
				58E643DA2110922E00078EF3 /* Base */,
			);
			name = LaunchScreen.storyboard;
			sourceTree = "<group>";
		};
/* End PBXVariantGroup section */

/* Begin XCBuildConfiguration section */
		58E643DD2110922E00078EF3 /* Debug */ = {
			isa = XCBuildConfiguration;
			buildSettings = {
				ALWAYS_SEARCH_USER_PATHS = NO;
				CLANG_ANALYZER_NONNULL = YES;
				CLANG_ANALYZER_NUMBER_OBJECT_CONVERSION = YES_AGGRESSIVE;
				CLANG_CXX_LANGUAGE_STANDARD = "gnu++14";
				CLANG_CXX_LIBRARY = "libc++";
				CLANG_ENABLE_MODULES = YES;
				CLANG_ENABLE_OBJC_ARC = YES;
				CLANG_ENABLE_OBJC_WEAK = YES;
				CLANG_WARN_BLOCK_CAPTURE_AUTORELEASING = YES;
				CLANG_WARN_BOOL_CONVERSION = YES;
				CLANG_WARN_COMMA = YES;
				CLANG_WARN_CONSTANT_CONVERSION = YES;
				CLANG_WARN_DEPRECATED_OBJC_IMPLEMENTATIONS = YES;
				CLANG_WARN_DIRECT_OBJC_ISA_USAGE = YES_ERROR;
				CLANG_WARN_DOCUMENTATION_COMMENTS = YES;
				CLANG_WARN_EMPTY_BODY = YES;
				CLANG_WARN_ENUM_CONVERSION = YES;
				CLANG_WARN_INFINITE_RECURSION = YES;
				CLANG_WARN_INT_CONVERSION = YES;
				CLANG_WARN_NON_LITERAL_NULL_CONVERSION = YES;
				CLANG_WARN_OBJC_IMPLICIT_RETAIN_SELF = YES;
				CLANG_WARN_OBJC_LITERAL_CONVERSION = YES;
				CLANG_WARN_OBJC_ROOT_CLASS = YES_ERROR;
				CLANG_WARN_RANGE_LOOP_ANALYSIS = YES;
				CLANG_WARN_STRICT_PROTOTYPES = YES;
				CLANG_WARN_SUSPICIOUS_MOVE = YES;
				CLANG_WARN_UNGUARDED_AVAILABILITY = YES_AGGRESSIVE;
				CLANG_WARN_UNREACHABLE_CODE = YES;
				CLANG_WARN__DUPLICATE_METHOD_MATCH = YES;
				CODE_SIGN_IDENTITY = "iPhone Developer";
				COPY_PHASE_STRIP = NO;
				DEBUG_INFORMATION_FORMAT = dwarf;
				ENABLE_STRICT_OBJC_MSGSEND = YES;
				ENABLE_TESTABILITY = YES;
				GCC_C_LANGUAGE_STANDARD = gnu11;
				GCC_DYNAMIC_NO_PIC = NO;
				GCC_NO_COMMON_BLOCKS = YES;
				GCC_OPTIMIZATION_LEVEL = 0;
				GCC_PREPROCESSOR_DEFINITIONS = (
					"DEBUG=1",
					"$(inherited)",
				);
				GCC_WARN_64_TO_32_BIT_CONVERSION = YES;
				GCC_WARN_ABOUT_RETURN_TYPE = YES_ERROR;
				GCC_WARN_UNDECLARED_SELECTOR = YES;
				GCC_WARN_UNINITIALIZED_AUTOS = YES_AGGRESSIVE;
				GCC_WARN_UNUSED_FUNCTION = YES;
				GCC_WARN_UNUSED_VARIABLE = YES;
				IPHONEOS_DEPLOYMENT_TARGET = 11.4;
				MTL_ENABLE_DEBUG_INFO = YES;
				ONLY_ACTIVE_ARCH = YES;
				SDKROOT = iphoneos;
				SWIFT_ACTIVE_COMPILATION_CONDITIONS = DEBUG;
				SWIFT_OPTIMIZATION_LEVEL = "-Onone";
			};
			name = Debug;
		};
		58E643DE2110922E00078EF3 /* Release */ = {
			isa = XCBuildConfiguration;
			buildSettings = {
				ALWAYS_SEARCH_USER_PATHS = NO;
				CLANG_ANALYZER_NONNULL = YES;
				CLANG_ANALYZER_NUMBER_OBJECT_CONVERSION = YES_AGGRESSIVE;
				CLANG_CXX_LANGUAGE_STANDARD = "gnu++14";
				CLANG_CXX_LIBRARY = "libc++";
				CLANG_ENABLE_MODULES = YES;
				CLANG_ENABLE_OBJC_ARC = YES;
				CLANG_ENABLE_OBJC_WEAK = YES;
				CLANG_WARN_BLOCK_CAPTURE_AUTORELEASING = YES;
				CLANG_WARN_BOOL_CONVERSION = YES;
				CLANG_WARN_COMMA = YES;
				CLANG_WARN_CONSTANT_CONVERSION = YES;
				CLANG_WARN_DEPRECATED_OBJC_IMPLEMENTATIONS = YES;
				CLANG_WARN_DIRECT_OBJC_ISA_USAGE = YES_ERROR;
				CLANG_WARN_DOCUMENTATION_COMMENTS = YES;
				CLANG_WARN_EMPTY_BODY = YES;
				CLANG_WARN_ENUM_CONVERSION = YES;
				CLANG_WARN_INFINITE_RECURSION = YES;
				CLANG_WARN_INT_CONVERSION = YES;
				CLANG_WARN_NON_LITERAL_NULL_CONVERSION = YES;
				CLANG_WARN_OBJC_IMPLICIT_RETAIN_SELF = YES;
				CLANG_WARN_OBJC_LITERAL_CONVERSION = YES;
				CLANG_WARN_OBJC_ROOT_CLASS = YES_ERROR;
				CLANG_WARN_RANGE_LOOP_ANALYSIS = YES;
				CLANG_WARN_STRICT_PROTOTYPES = YES;
				CLANG_WARN_SUSPICIOUS_MOVE = YES;
				CLANG_WARN_UNGUARDED_AVAILABILITY = YES_AGGRESSIVE;
				CLANG_WARN_UNREACHABLE_CODE = YES;
				CLANG_WARN__DUPLICATE_METHOD_MATCH = YES;
				CODE_SIGN_IDENTITY = "iPhone Developer";
				COPY_PHASE_STRIP = NO;
				DEBUG_INFORMATION_FORMAT = "dwarf-with-dsym";
				ENABLE_NS_ASSERTIONS = NO;
				ENABLE_STRICT_OBJC_MSGSEND = YES;
				GCC_C_LANGUAGE_STANDARD = gnu11;
				GCC_NO_COMMON_BLOCKS = YES;
				GCC_WARN_64_TO_32_BIT_CONVERSION = YES;
				GCC_WARN_ABOUT_RETURN_TYPE = YES_ERROR;
				GCC_WARN_UNDECLARED_SELECTOR = YES;
				GCC_WARN_UNINITIALIZED_AUTOS = YES_AGGRESSIVE;
				GCC_WARN_UNUSED_FUNCTION = YES;
				GCC_WARN_UNUSED_VARIABLE = YES;
				IPHONEOS_DEPLOYMENT_TARGET = 11.4;
				MTL_ENABLE_DEBUG_INFO = NO;
				SDKROOT = iphoneos;
				SWIFT_COMPILATION_MODE = wholemodule;
				SWIFT_OPTIMIZATION_LEVEL = "-O";
				VALIDATE_PRODUCT = YES;
			};
			name = Release;
		};
		58E643E02110922E00078EF3 /* Debug */ = {
			isa = XCBuildConfiguration;
			baseConfigurationReference = B0089CB938415A3D1D92CD29 /* Pods-ArcanaOfNASA.debug.xcconfig */;
			buildSettings = {
				ASSETCATALOG_COMPILER_APPICON_NAME = AppIcon;
				CODE_SIGN_STYLE = Automatic;
				DEVELOPMENT_TEAM = RCRK7A4747;
				INFOPLIST_FILE = ArcanaOfNASA/Info.plist;
				LD_RUNPATH_SEARCH_PATHS = (
					"$(inherited)",
					"@executable_path/Frameworks",
				);
				PRODUCT_BUNDLE_IDENTIFIER = com.anastasiamarkovskaya.ArcanaOfNASA;
				PRODUCT_NAME = "$(TARGET_NAME)";
				SWIFT_VERSION = 4.0;
				TARGETED_DEVICE_FAMILY = "1,2";
			};
			name = Debug;
		};
		58E643E12110922E00078EF3 /* Release */ = {
			isa = XCBuildConfiguration;
			baseConfigurationReference = F456A383906C1F932A824039 /* Pods-ArcanaOfNASA.release.xcconfig */;
			buildSettings = {
				ASSETCATALOG_COMPILER_APPICON_NAME = AppIcon;
				CODE_SIGN_STYLE = Automatic;
				DEVELOPMENT_TEAM = RCRK7A4747;
				INFOPLIST_FILE = ArcanaOfNASA/Info.plist;
				LD_RUNPATH_SEARCH_PATHS = (
					"$(inherited)",
					"@executable_path/Frameworks",
				);
				PRODUCT_BUNDLE_IDENTIFIER = com.anastasiamarkovskaya.ArcanaOfNASA;
				PRODUCT_NAME = "$(TARGET_NAME)";
				SWIFT_VERSION = 4.0;
				TARGETED_DEVICE_FAMILY = "1,2";
			};
			name = Release;
		};
/* End XCBuildConfiguration section */

/* Begin XCConfigurationList section */
		58E643C82110922B00078EF3 /* Build configuration list for PBXProject "ArcanaOfNASA" */ = {
			isa = XCConfigurationList;
			buildConfigurations = (
				58E643DD2110922E00078EF3 /* Debug */,
				58E643DE2110922E00078EF3 /* Release */,
			);
			defaultConfigurationIsVisible = 0;
			defaultConfigurationName = Release;
		};
		58E643DF2110922E00078EF3 /* Build configuration list for PBXNativeTarget "ArcanaOfNASA" */ = {
			isa = XCConfigurationList;
			buildConfigurations = (
				58E643E02110922E00078EF3 /* Debug */,
				58E643E12110922E00078EF3 /* Release */,
			);
			defaultConfigurationIsVisible = 0;
			defaultConfigurationName = Release;
		};
/* End XCConfigurationList section */
	};
	rootObject = 58E643C52110922B00078EF3 /* Project object */;
}
